
Microsoft Visual Studio Solution File, Format Version 12.00
# Visual Studio Version 16
VisualStudioVersion = 16.0.31702.278
MinimumVisualStudioVersion = 10.0.40219.1
Project("{FAE04EC0-301F-11D3-BF4B-00C04F79EFBC}") = "BinarySearchString", "BinarySearchString\BinarySearchString.csproj", "{4861AB33-E1B5-481D-BBBB-0446450AEF0E}"
EndProject
Global
	GlobalSection(SolutionConfigurationPlatforms) = preSolution
		Debug|Any CPU = Debug|Any CPU
		Release|Any CPU = Release|Any CPU
	EndGlobalSection
	GlobalSection(ProjectConfigurationPlatforms) = postSolution
		{4861AB33-E1B5-481D-BBBB-0446450AEF0E}.Debug|Any CPU.ActiveCfg = Debug|Any CPU
		{4861AB33-E1B5-481D-BBBB-0446450AEF0E}.Debug|Any CPU.Build.0 = Debug|Any CPU
		{4861AB33-E1B5-481D-BBBB-0446450AEF0E}.Release|Any CPU.ActiveCfg = Release|Any CPU
		{4861AB33-E1B5-481D-BBBB-0446450AEF0E}.Release|Any CPU.Build.0 = Release|Any CPU
	EndGlobalSection
	GlobalSection(SolutionProperties) = preSolution
		HideSolutionNode = FALSE
	EndGlobalSection
	GlobalSection(ExtensibilityGlobals) = postSolution
		SolutionGuid = {4F18CC89-B77D-4C78-BB0B-E5CDFC89A9D8}
	EndGlobalSection
EndGlobal
